
Microsoft Visual Studio Solution File, Format Version 12.00
# Visual Studio 15
VisualStudioVersion = 15.0.27703.2042
MinimumVisualStudioVersion = 10.0.40219.1
Project("{FAE04EC0-301F-11D3-BF4B-00C04F79EFBC}") = "userManager", "userManager\userManager.csproj", "{88632C67-2909-4ECB-BEA5-B40C8FC21A75}"
EndProject
Project("{FAE04EC0-301F-11D3-BF4B-00C04F79EFBC}") = "userManagerFrom", "userManagerFrom\userManagerFrom.csproj", "{A16A4A46-1953-4C04-811C-7182E59F1DB8}"
EndProject
Global
	GlobalSection(SolutionConfigurationPlatforms) = preSolution
		Debug|Any CPU = Debug|Any CPU
		Release|Any CPU = Release|Any CPU
	EndGlobalSection
	GlobalSection(ProjectConfigurationPlatforms) = postSolution
		{88632C67-2909-4ECB-BEA5-B40C8FC21A75}.Debug|Any CPU.ActiveCfg = Debug|Any CPU
		{88632C67-2909-4ECB-BEA5-B40C8FC21A75}.Debug|Any CPU.Build.0 = Debug|Any CPU
		{88632C67-2909-4ECB-BEA5-B40C8FC21A75}.Release|Any CPU.ActiveCfg = Release|Any CPU
		{88632C67-2909-4ECB-BEA5-B40C8FC21A75}.Release|Any CPU.Build.0 = Release|Any CPU
		{A16A4A46-1953-4C04-811C-7182E59F1DB8}.Debug|Any CPU.ActiveCfg = Debug|Any CPU
		{A16A4A46-1953-4C04-811C-7182E59F1DB8}.Debug|Any CPU.Build.0 = Debug|Any CPU
		{A16A4A46-1953-4C04-811C-7182E59F1DB8}.Release|Any CPU.ActiveCfg = Release|Any CPU
		{A16A4A46-1953-4C04-811C-7182E59F1DB8}.Release|Any CPU.Build.0 = Release|Any CPU
	EndGlobalSection
	GlobalSection(SolutionProperties) = preSolution
		HideSolutionNode = FALSE
	EndGlobalSection
	GlobalSection(ExtensibilityGlobals) = postSolution
		SolutionGuid = {D2F684B6-4404-49E2-AE35-CE688594168B}
	EndGlobalSection
EndGlobal
